<?xml version="1.0" encoding="UTF-8"?>
<Scheme
   version = "1.3">
   <BuildAction>
      <BuildActionEntries>
         <BuildActionEntry
            buildForRunning = "YES">
            <BuildableReference
               BuildableIdentifier = "primary"
               BlueprintIdentifier = "1ECBC1242779D44C00DCD60A"
               BuildableName = "RelaxPlayer.app"
               BlueprintName = "RelaxPlayer"
               ReferencedContainer = "container:RelaxPlayer.xcodeproj">
            </BuildableReference>
         </BuildActionEntry>
      </BuildActionEntries>
   </BuildAction>
   <LaunchAction
      useCustomWorkingDirectory = "NO"
      buildConfiguration = "Debug"
      allowLocationSimulation = "YES">
      <BuildableProductRunnable>
         <BuildableReference
            BuildableIdentifier = "primary"
            BlueprintIdentifier = "1ECBC1242779D44C00DCD60A"
            BuildableName = "RelaxPlayer.app"
            BlueprintName = "RelaxPlayer"
            ReferencedContainer = "container:RelaxPlayer.xcodeproj">
         </BuildableReference>
      </BuildableProductRunnable>
   </LaunchAction>
</Scheme>
